
Microsoft Visual Studio Solution File, Format Version 12.00
# Visual Studio 15
VisualStudioVersion = 15.0.26403.0
MinimumVisualStudioVersion = 10.0.40219.1
Project("{00D1A9C2-B5F0-4AF3-8072-F6C62B433612}") = "cloud", "cloud\cloud.sqlproj", "{A03DF05F-B0FB-4C35-9522-D75AB8BC6457}"
EndProject
Project("{2150E333-8FDC-42A3-9474-1A3956D46DE8}") = "Solution Items", "Solution Items", "{2FF078B8-F8B6-4633-8DDD-47E441F05BC6}"
	ProjectSection(SolutionItems) = preProject
		README.md = README.md
	EndProjectSection
EndProject
Global
	GlobalSection(SolutionConfigurationPlatforms) = preSolution
		Debug|Any CPU = Debug|Any CPU
		Release|Any CPU = Release|Any CPU
	EndGlobalSection
	GlobalSection(ProjectConfigurationPlatforms) = postSolution
		{A03DF05F-B0FB-4C35-9522-D75AB8BC6457}.Debug|Any CPU.ActiveCfg = Debug|Any CPU
		{A03DF05F-B0FB-4C35-9522-D75AB8BC6457}.Debug|Any CPU.Build.0 = Debug|Any CPU
		{A03DF05F-B0FB-4C35-9522-D75AB8BC6457}.Debug|Any CPU.Deploy.0 = Debug|Any CPU
		{A03DF05F-B0FB-4C35-9522-D75AB8BC6457}.Release|Any CPU.ActiveCfg = Release|Any CPU
		{A03DF05F-B0FB-4C35-9522-D75AB8BC6457}.Release|Any CPU.Build.0 = Release|Any CPU
		{A03DF05F-B0FB-4C35-9522-D75AB8BC6457}.Release|Any CPU.Deploy.0 = Release|Any CPU
	EndGlobalSection
	GlobalSection(SolutionProperties) = preSolution
		HideSolutionNode = FALSE
	EndGlobalSection
EndGlobal
